
Microsoft Visual Studio Solution File, Format Version 12.00
# Visual Studio Version 17
VisualStudioVersion = 17.6.33712.159
MinimumVisualStudioVersion = 10.0.40219.1
Project("{FAE04EC0-301F-11D3-BF4B-00C04F79EFBC}") = "StockStreamAPI", "StockStreamAPI\StockStreamAPI.csproj", "{6158C1BE-E5CF-4BEB-9742-ACD0748CAF48}"
EndProject
Global
	GlobalSection(SolutionConfigurationPlatforms) = preSolution
		Debug|Any CPU = Debug|Any CPU
		Release|Any CPU = Release|Any CPU
	EndGlobalSection
	GlobalSection(ProjectConfigurationPlatforms) = postSolution
		{6158C1BE-E5CF-4BEB-9742-ACD0748CAF48}.Debug|Any CPU.ActiveCfg = Debug|Any CPU
		{6158C1BE-E5CF-4BEB-9742-ACD0748CAF48}.Debug|Any CPU.Build.0 = Debug|Any CPU
		{6158C1BE-E5CF-4BEB-9742-ACD0748CAF48}.Release|Any CPU.ActiveCfg = Release|Any CPU
		{6158C1BE-E5CF-4BEB-9742-ACD0748CAF48}.Release|Any CPU.Build.0 = Release|Any CPU
	EndGlobalSection
	GlobalSection(SolutionProperties) = preSolution
		HideSolutionNode = FALSE
	EndGlobalSection
	GlobalSection(ExtensibilityGlobals) = postSolution
		SolutionGuid = {F1AA37CC-714B-405A-88E1-ED0A4BC20FF6}
	EndGlobalSection
EndGlobal
